
Microsoft Visual Studio Solution File, Format Version 12.00
# Visual Studio Version 17
VisualStudioVersion = 17.9.34728.123
MinimumVisualStudioVersion = 10.0.40219.1
Project("{FAE04EC0-301F-11D3-BF4B-00C04F79EFBC}") = "DVExamen2", "DVExamen2.csproj", "{6C12D07B-BA5A-4328-AB6F-7A77EF0C3BEB}"
EndProject
Global
	GlobalSection(SolutionConfigurationPlatforms) = preSolution
		Debug|Any CPU = Debug|Any CPU
		Release|Any CPU = Release|Any CPU
	EndGlobalSection
	GlobalSection(ProjectConfigurationPlatforms) = postSolution
		{6C12D07B-BA5A-4328-AB6F-7A77EF0C3BEB}.Debug|Any CPU.ActiveCfg = Debug|Any CPU
		{6C12D07B-BA5A-4328-AB6F-7A77EF0C3BEB}.Debug|Any CPU.Build.0 = Debug|Any CPU
		{6C12D07B-BA5A-4328-AB6F-7A77EF0C3BEB}.Debug|Any CPU.Deploy.0 = Debug|Any CPU
		{6C12D07B-BA5A-4328-AB6F-7A77EF0C3BEB}.Release|Any CPU.ActiveCfg = Release|Any CPU
		{6C12D07B-BA5A-4328-AB6F-7A77EF0C3BEB}.Release|Any CPU.Build.0 = Release|Any CPU
		{6C12D07B-BA5A-4328-AB6F-7A77EF0C3BEB}.Release|Any CPU.Deploy.0 = Release|Any CPU
	EndGlobalSection
	GlobalSection(SolutionProperties) = preSolution
		HideSolutionNode = FALSE
	EndGlobalSection
	GlobalSection(ExtensibilityGlobals) = postSolution
		SolutionGuid = {606CA2DF-6BF6-4A09-B0D4-375A9D19A95B}
	EndGlobalSection
EndGlobal
